{
  "lockfile_version": "1",
  "packages": {
    "github:NixOS/nixpkgs/nixpkgs-unstable": {
      "last_modified": "2026-02-11T03:47:03Z",
      "resolved": "github:NixOS/nixpkgs/c05d2232d2feaa4c7a07f1168606917402868195?lastModified=1770781623&narHash=sha256-RYEMTlGCVc67pxVxjOlGd8w6fpF7Bur7gKL88FB0WTs%3D"
    },
    "pipenv@2026.0.3": {
      "last_modified": "2026-02-06T12:24:04Z",
      "resolved": "github:NixOS/nixpkgs/ae67888ff7ef9dff69b3cf0cc0fbfbcd3a722abe#pipenv",
      "source": "devbox-search",
      "version": "2026.0.3",
      "systems": {
        "aarch64-darwin": {
          "outputs": [
            {
              "name": "out",
              "path": "/nix/store/h616la9f9k12358jv69bfk88kh9jglz2-pipenv-2026.0.3",
              "default": true
            },
            {
              "name": "dist",
              "path": "/nix/store/872ng5i4x43p0lnf5klgpnnszv3vc7xm-pipenv-2026.0.3-dist"
            }
          ],
          "store_path": "/nix/store/h616la9f9k12358jv69bfk88kh9jglz2-pipenv-2026.0.3"
        },
        "aarch64-linux": {
          "outputs": [
            {
              "name": "out",
              "path": "/nix/store/3lqhgg1lfvwshi2qlzn9n4yvqja1qzk5-pipenv-2026.0.3",
              "default": true
            },
            {
              "name": "dist",
              "path": "/nix/store/sfr2mqhpiv9qfpr02aw55vi5c0ks2gm4-pipenv-2026.0.3-dist"
            }
          ],
          "store_path": "/nix/store/3lqhgg1lfvwshi2qlzn9n4yvqja1qzk5-pipenv-2026.0.3"
        },
        "x86_64-darwin": {
          "outputs": [
            {
              "name": "out",
              "path": "/nix/store/5kp97kc23mj3lwgy17wyd92r3s8bljs0-pipenv-2026.0.3",
              "default": true
            },
            {
              "name": "dist",
              "path": "/nix/store/3gb3xavjyva3slw2z3shcy0n03psbz9a-pipenv-2026.0.3-dist"
            }
          ],
          "store_path": "/nix/store/5kp97kc23mj3lwgy17wyd92r3s8bljs0-pipenv-2026.0.3"
        },
        "x86_64-linux": {
          "outputs": [
            {
              "name": "out",
              "path": "/nix/store/dbsivg7vskmvxaqhsxgk9xjwpg19vpby-pipenv-2026.0.3",
              "default": true
            },
            {
              "name": "dist",
              "path": "/nix/store/wysbgcd9zi75dkqbiv6v8cqjj710wn2b-pipenv-2026.0.3-dist"
            }
          ],
          "store_path": "/nix/store/dbsivg7vskmvxaqhsxgk9xjwpg19vpby-pipenv-2026.0.3"
        }
      }
    },
    "python-full@3.13.5": {
      "last_modified": "2025-07-28T17:09:23Z",
      "plugin_version": "0.0.4",
      "resolved": "github:NixOS/nixpkgs/648f70160c03151bc2121d179291337ad6bc564b#python313Full",
      "source": "devbox-search",
      "version": "3.13.5",
      "systems": {
        "aarch64-darwin": {
          "outputs": [
            {
              "name": "out",
              "path": "/nix/store/fdgqvcsdlqjgzww2p17sy91vvx73cl7j-python3-3.13.5",
              "default": true
            }
          ],
          "store_path": "/nix/store/fdgqvcsdlqjgzww2p17sy91vvx73cl7j-python3-3.13.5"
        },
        "aarch64-linux": {
          "outputs": [
            {
              "name": "out",
              "path": "/nix/store/imjii7yg48sisx3bz5va5cminczbq6r6-python3-3.13.5",
              "default": true
            },
            {
              "name": "debug",
              "path": "/nix/store/j9bqd7hismpyqsd48sd9r824fs8wxld1-python3-3.13.5-debug"
            }
          ],
          "store_path": "/nix/store/imjii7yg48sisx3bz5va5cminczbq6r6-python3-3.13.5"
        },
        "x86_64-darwin": {
          "outputs": [
            {
              "name": "out",
              "path": "/nix/store/cm73ahxfy47vyxhj6ighqs0p64l31lyh-python3-3.13.5",
              "default": true
            }
          ],
          "store_path": "/nix/store/cm73ahxfy47vyxhj6ighqs0p64l31lyh-python3-3.13.5"
        },
        "x86_64-linux": {
          "outputs": [
            {
              "name": "out",
              "path": "/nix/store/kl67434pm6yih34v0bz2ss0f5kzin00i-python3-3.13.5",
              "default": true
            },
            {
              "name": "debug",
              "path": "/nix/store/lxka855zb94nlg4ir5y9pi32yqlbzlkv-python3-3.13.5-debug"
            }
          ],
          "store_path": "/nix/store/kl67434pm6yih34v0bz2ss0f5kzin00i-python3-3.13.5"
        }
      }
    }
  }
}
