{
  "lockfile_version": "1",
  "packages": {
    "pipenv@2024.2.0": {
      "last_modified": "2024-12-23T21:10:33Z",
      "resolved": "github:NixOS/nixpkgs/de1864217bfa9b5845f465e771e0ecb48b30e02d#pipenv",
      "source": "devbox-search",
      "version": "2024.2.0",
      "systems": {
        "aarch64-darwin": {
          "outputs": [
            {
              "name": "out",
              "path": "/nix/store/r52nhm2bkd19iznm2yivlvhdmign89yc-pipenv-2024.2.0",
              "default": true
            },
            {
              "name": "dist",
              "path": "/nix/store/wzn86nfx95dik35arsfgpvi3fiar0ca8-pipenv-2024.2.0-dist"
            }
          ],
          "store_path": "/nix/store/r52nhm2bkd19iznm2yivlvhdmign89yc-pipenv-2024.2.0"
        },
        "aarch64-linux": {
          "outputs": [
            {
              "name": "out",
              "path": "/nix/store/lv9lxvahi4yrga3wbkfln9ij28phgyz2-pipenv-2024.2.0",
              "default": true
            },
            {
              "name": "dist",
              "path": "/nix/store/dckw00lm5jg1d62h8q8ziq927cdz0jqa-pipenv-2024.2.0-dist"
            }
          ],
          "store_path": "/nix/store/lv9lxvahi4yrga3wbkfln9ij28phgyz2-pipenv-2024.2.0"
        },
        "x86_64-darwin": {
          "outputs": [
            {
              "name": "out",
              "path": "/nix/store/blvhn867xbkmry5sa2s8f7cw5kxq5d7k-pipenv-2024.2.0",
              "default": true
            },
            {
              "name": "dist",
              "path": "/nix/store/r0yslsx516x8fssqhxk163syglv5imyn-pipenv-2024.2.0-dist"
            }
          ],
          "store_path": "/nix/store/blvhn867xbkmry5sa2s8f7cw5kxq5d7k-pipenv-2024.2.0"
        },
        "x86_64-linux": {
          "outputs": [
            {
              "name": "out",
              "path": "/nix/store/bzlaf4ph0n05ym5xp48iqdg68vlasfvv-pipenv-2024.2.0",
              "default": true
            },
            {
              "name": "dist",
              "path": "/nix/store/0k003hmljmf6c7gl5y3cscg2jykgh258-pipenv-2024.2.0-dist"
            }
          ],
          "store_path": "/nix/store/bzlaf4ph0n05ym5xp48iqdg68vlasfvv-pipenv-2024.2.0"
        }
      }
    },
    "python-full@3.13.3": {
      "last_modified": "2025-05-06T08:06:31Z",
      "plugin_version": "0.0.4",
      "resolved": "github:NixOS/nixpkgs/1cb1c02a6b1b7cf67e3d7731cbbf327a53da9679#python313Full",
      "source": "devbox-search",
      "version": "3.13.3",
      "systems": {
        "aarch64-darwin": {
          "outputs": [
            {
              "name": "out",
              "path": "/nix/store/psg56nhj6p5jcjsmvwzbnnkxrxi4lkg3-python3-3.13.3",
              "default": true
            }
          ],
          "store_path": "/nix/store/psg56nhj6p5jcjsmvwzbnnkxrxi4lkg3-python3-3.13.3"
        },
        "aarch64-linux": {
          "outputs": [
            {
              "name": "out",
              "path": "/nix/store/fhw4fc6q4l560d85rfapvviwcfihriwr-python3-3.13.3",
              "default": true
            },
            {
              "name": "debug",
              "path": "/nix/store/2byjjriwnrf3vqp32jg926zkdd2d0sb8-python3-3.13.3-debug"
            }
          ],
          "store_path": "/nix/store/fhw4fc6q4l560d85rfapvviwcfihriwr-python3-3.13.3"
        },
        "x86_64-darwin": {
          "outputs": [
            {
              "name": "out",
              "path": "/nix/store/29jcqs9gaz0qafzfwsvp25dnhxjp9x3k-python3-3.13.3",
              "default": true
            }
          ],
          "store_path": "/nix/store/29jcqs9gaz0qafzfwsvp25dnhxjp9x3k-python3-3.13.3"
        },
        "x86_64-linux": {
          "outputs": [
            {
              "name": "out",
              "path": "/nix/store/i2vpaqdym3szrfskikp5vrlr9jh1dqzz-python3-3.13.3",
              "default": true
            },
            {
              "name": "debug",
              "path": "/nix/store/fqg7ki37bfamv596hqvb47dickvnwxc0-python3-3.13.3-debug"
            }
          ],
          "store_path": "/nix/store/i2vpaqdym3szrfskikp5vrlr9jh1dqzz-python3-3.13.3"
        }
      }
    }
  }
}
