{
  "lockfile_version": "1",
  "packages": {
    "pipenv@2024.2.0": {
      "last_modified": "2024-12-23T21:10:33Z",
      "resolved": "github:NixOS/nixpkgs/de1864217bfa9b5845f465e771e0ecb48b30e02d#pipenv",
      "source": "devbox-search",
      "version": "2024.2.0",
      "systems": {
        "aarch64-darwin": {
          "outputs": [
            {
              "name": "out",
              "path": "/nix/store/r52nhm2bkd19iznm2yivlvhdmign89yc-pipenv-2024.2.0",
              "default": true
            },
            {
              "name": "dist",
              "path": "/nix/store/wzn86nfx95dik35arsfgpvi3fiar0ca8-pipenv-2024.2.0-dist"
            }
          ],
          "store_path": "/nix/store/r52nhm2bkd19iznm2yivlvhdmign89yc-pipenv-2024.2.0"
        },
        "aarch64-linux": {
          "outputs": [
            {
              "name": "out",
              "path": "/nix/store/lv9lxvahi4yrga3wbkfln9ij28phgyz2-pipenv-2024.2.0",
              "default": true
            },
            {
              "name": "dist",
              "path": "/nix/store/dckw00lm5jg1d62h8q8ziq927cdz0jqa-pipenv-2024.2.0-dist"
            }
          ],
          "store_path": "/nix/store/lv9lxvahi4yrga3wbkfln9ij28phgyz2-pipenv-2024.2.0"
        },
        "x86_64-darwin": {
          "outputs": [
            {
              "name": "out",
              "path": "/nix/store/blvhn867xbkmry5sa2s8f7cw5kxq5d7k-pipenv-2024.2.0",
              "default": true
            },
            {
              "name": "dist",
              "path": "/nix/store/r0yslsx516x8fssqhxk163syglv5imyn-pipenv-2024.2.0-dist"
            }
          ],
          "store_path": "/nix/store/blvhn867xbkmry5sa2s8f7cw5kxq5d7k-pipenv-2024.2.0"
        },
        "x86_64-linux": {
          "outputs": [
            {
              "name": "out",
              "path": "/nix/store/bzlaf4ph0n05ym5xp48iqdg68vlasfvv-pipenv-2024.2.0",
              "default": true
            },
            {
              "name": "dist",
              "path": "/nix/store/0k003hmljmf6c7gl5y3cscg2jykgh258-pipenv-2024.2.0-dist"
            }
          ],
          "store_path": "/nix/store/bzlaf4ph0n05ym5xp48iqdg68vlasfvv-pipenv-2024.2.0"
        }
      }
    },
    "python-full@3.11.13": {
      "last_modified": "2025-06-20T02:24:11Z",
      "plugin_version": "0.0.4",
      "resolved": "github:NixOS/nixpkgs/076e8c6678d8c54204abcb4b1b14c366835a58bb#python311Full",
      "source": "devbox-search",
      "version": "3.11.13",
      "systems": {
        "aarch64-darwin": {
          "outputs": [
            {
              "name": "out",
              "path": "/nix/store/i4k3c56ws1ii7g7pcyp7n1bacviwlqvw-python3-3.11.13",
              "default": true
            }
          ],
          "store_path": "/nix/store/i4k3c56ws1ii7g7pcyp7n1bacviwlqvw-python3-3.11.13"
        },
        "aarch64-linux": {
          "outputs": [
            {
              "name": "out",
              "path": "/nix/store/px2630b9cch7a1nxr270wnycq824bkcj-python3-3.11.13",
              "default": true
            },
            {
              "name": "debug",
              "path": "/nix/store/q5hlq0g8rvchiypgssdb004qvmhkxyyi-python3-3.11.13-debug"
            }
          ],
          "store_path": "/nix/store/px2630b9cch7a1nxr270wnycq824bkcj-python3-3.11.13"
        },
        "x86_64-darwin": {
          "outputs": [
            {
              "name": "out",
              "path": "/nix/store/f20jhma508hj2qfjywf6ghdi9kcjz622-python3-3.11.13",
              "default": true
            }
          ],
          "store_path": "/nix/store/f20jhma508hj2qfjywf6ghdi9kcjz622-python3-3.11.13"
        },
        "x86_64-linux": {
          "outputs": [
            {
              "name": "out",
              "path": "/nix/store/ihn5yp88fp8wyh1wf7bslxf3pplf3y3c-python3-3.11.13",
              "default": true
            },
            {
              "name": "debug",
              "path": "/nix/store/f1wdaxq3cb9h6s7bwaiv3crd3463f7yj-python3-3.11.13-debug"
            }
          ],
          "store_path": "/nix/store/ihn5yp88fp8wyh1wf7bslxf3pplf3y3c-python3-3.11.13"
        }
      }
    }
  }
}
